
Microsoft Visual Studio Solution File, Format Version 12.00
# Visual Studio Version 17
VisualStudioVersion = 17.11.35327.3
MinimumVisualStudioVersion = 10.0.40219.1
Project("{FAE04EC0-301F-11D3-BF4B-00C04F79EFBC}") = "BaiThucHanh11-12", "BaiThucHanh11-12.csproj", "{0450B65A-DE93-4F86-99A7-633C5E838DF6}"
EndProject
Global
	GlobalSection(SolutionConfigurationPlatforms) = preSolution
		Debug|Any CPU = Debug|Any CPU
		Release|Any CPU = Release|Any CPU
	EndGlobalSection
	GlobalSection(ProjectConfigurationPlatforms) = postSolution
		{0450B65A-DE93-4F86-99A7-633C5E838DF6}.Debug|Any CPU.ActiveCfg = Debug|Any CPU
		{0450B65A-DE93-4F86-99A7-633C5E838DF6}.Debug|Any CPU.Build.0 = Debug|Any CPU
		{0450B65A-DE93-4F86-99A7-633C5E838DF6}.Release|Any CPU.ActiveCfg = Release|Any CPU
		{0450B65A-DE93-4F86-99A7-633C5E838DF6}.Release|Any CPU.Build.0 = Release|Any CPU
	EndGlobalSection
	GlobalSection(SolutionProperties) = preSolution
		HideSolutionNode = FALSE
	EndGlobalSection
	GlobalSection(ExtensibilityGlobals) = postSolution
		SolutionGuid = {AE636C9E-6318-43C4-8455-F2040EC80EEF}
	EndGlobalSection
EndGlobal
